// !$*UTF8*$!
{
	archiveVersion = 1;
	classes = {
	};
	objectVersion = 46;
	objects = {

/* Begin PBXBuildFile section */
		C0FD94371F572A7700827502 /* AppDelegate.swift in Sources */ = {isa = PBXBuildFile; fileRef = C0FD94361F572A7700827502 /* AppDelegate.swift */; };
		C0FD94391F572A7700827502 /* ViewController.swift in Sources */ = {isa = PBXBuildFile; fileRef = C0FD94381F572A7700827502 /* ViewController.swift */; };
		C0FD943C1F572A7700827502 /* Main.storyboard in Resources */ = {isa = PBXBuildFile; fileRef = C0FD943A1F572A7700827502 /* Main.storyboard */; };
		C0FD943E1F572A7700827502 /* Assets.xcassets in Resources */ = {isa = PBXBuildFile; fileRef = C0FD943D1F572A7700827502 /* Assets.xcassets */; };
		C0FD94411F572A7700827502 /* LaunchScreen.storyboard in Resources */ = {isa = PBXBuildFile; fileRef = C0FD943F1F572A7700827502 /* LaunchScreen.storyboard */; };
		C0FD94491F573F0C00827502 /* reduction.csv in Resources */ = {isa = PBXBuildFile; fileRef = C0FD94481F573F0C00827502 /* reduction.csv */; };
/* End PBXBuildFile section */

/* Begin PBXFileReference section */
		C0FD94331F572A7700827502 /* reduction.app */ = {isa = PBXFileReference; explicitFileType = wrapper.application; includeInIndex = 0; path = reduction.app; sourceTree = BUILT_PRODUCTS_DIR; };
		C0FD94361F572A7700827502 /* AppDelegate.swift */ = {isa = PBXFileReference; lastKnownFileType = sourcecode.swift; path = AppDelegate.swift; sourceTree = "<group>"; };
		C0FD94381F572A7700827502 /* ViewController.swift */ = {isa = PBXFileReference; lastKnownFileType = sourcecode.swift; path = ViewController.swift; sourceTree = "<group>"; };
		C0FD943B1F572A7700827502 /* Base */ = {isa = PBXFileReference; lastKnownFileType = file.storyboard; name = Base; path = Base.lproj/Main.storyboard; sourceTree = "<group>"; };
		C0FD943D1F572A7700827502 /* Assets.xcassets */ = {isa = PBXFileReference; lastKnownFileType = folder.assetcatalog; path = Assets.xcassets; sourceTree = "<group>"; };
		C0FD94401F572A7700827502 /* Base */ = {isa = PBXFileReference; lastKnownFileType = file.storyboard; name = Base; path = Base.lproj/LaunchScreen.storyboard; sourceTree = "<group>"; };
		C0FD94421F572A7700827502 /* Info.plist */ = {isa = PBXFileReference; lastKnownFileType = text.plist.xml; path = Info.plist; sourceTree = "<group>"; };
		C0FD94481F573F0C00827502 /* reduction.csv */ = {isa = PBXFileReference; fileEncoding = 4; lastKnownFileType = text; path = reduction.csv; sourceTree = "<group>"; };
/* End PBXFileReference section */

/* Begin PBXFrameworksBuildPhase section */
		C0FD94301F572A7700827502 /* Frameworks */ = {
			isa = PBXFrameworksBuildPhase;
			buildActionMask = 2147483647;
			files = (
			);
			runOnlyForDeploymentPostprocessing = 0;
		};
/* End PBXFrameworksBuildPhase section */

/* Begin PBXGroup section */
		C0FD942A1F572A7700827502 = {
			isa = PBXGroup;
			children = (
				C0FD94351F572A7700827502 /* reduction */,
				C0FD94341F572A7700827502 /* Products */,
			);
			sourceTree = "<group>";
		};
		C0FD94341F572A7700827502 /* Products */ = {
			isa = PBXGroup;
			children = (
				C0FD94331F572A7700827502 /* reduction.app */,
			);
			name = Products;
			sourceTree = "<group>";
		};
		C0FD94351F572A7700827502 /* reduction */ = {
			isa = PBXGroup;
			children = (
				C0FD94361F572A7700827502 /* AppDelegate.swift */,
				C0FD94381F572A7700827502 /* ViewController.swift */,
				C0FD943A1F572A7700827502 /* Main.storyboard */,
				C0FD943D1F572A7700827502 /* Assets.xcassets */,
				C0FD94481F573F0C00827502 /* reduction.csv */,
				C0FD943F1F572A7700827502 /* LaunchScreen.storyboard */,
				C0FD94421F572A7700827502 /* Info.plist */,
			);
			path = reduction;
			sourceTree = "<group>";
		};
/* End PBXGroup section */

/* Begin PBXNativeTarget section */
		C0FD94321F572A7700827502 /* reduction */ = {
			isa = PBXNativeTarget;
			buildConfigurationList = C0FD94451F572A7700827502 /* Build configuration list for PBXNativeTarget "reduction" */;
			buildPhases = (
				C0FD942F1F572A7700827502 /* Sources */,
				C0FD94301F572A7700827502 /* Frameworks */,
				C0FD94311F572A7700827502 /* Resources */,
			);
			buildRules = (
			);
			dependencies = (
			);
			name = reduction;
			productName = reduction;
			productReference = C0FD94331F572A7700827502 /* reduction.app */;
			productType = "com.apple.product-type.application";
		};
/* End PBXNativeTarget section */

/* Begin PBXProject section */
		C0FD942B1F572A7700827502 /* Project object */ = {
			isa = PBXProject;
			attributes = {
				LastSwiftUpdateCheck = 0820;
				LastUpgradeCheck = 0820;
				ORGANIZATIONNAME = "parham monfared";
				TargetAttributes = {
					C0FD94321F572A7700827502 = {
						CreatedOnToolsVersion = 8.2;
						ProvisioningStyle = Automatic;
					};
				};
			};
			buildConfigurationList = C0FD942E1F572A7700827502 /* Build configuration list for PBXProject "reduction" */;
			compatibilityVersion = "Xcode 3.2";
			developmentRegion = English;
			hasScannedForEncodings = 0;
			knownRegions = (
				en,
				Base,
			);
			mainGroup = C0FD942A1F572A7700827502;
			productRefGroup = C0FD94341F572A7700827502 /* Products */;
			projectDirPath = "";
			projectRoot = "";
			targets = (
				C0FD94321F572A7700827502 /* reduction */,
			);
		};
/* End PBXProject section */

/* Begin PBXResourcesBuildPhase section */
		C0FD94311F572A7700827502 /* Resources */ = {
			isa = PBXResourcesBuildPhase;
			buildActionMask = 2147483647;
			files = (
				C0FD94491F573F0C00827502 /* reduction.csv in Resources */,
				C0FD94411F572A7700827502 /* LaunchScreen.storyboard in Resources */,
				C0FD943E1F572A7700827502 /* Assets.xcassets in Resources */,
				C0FD943C1F572A7700827502 /* Main.storyboard in Resources */,
			);
			runOnlyForDeploymentPostprocessing = 0;
		};
/* End PBXResourcesBuildPhase section */

/* Begin PBXSourcesBuildPhase section */
		C0FD942F1F572A7700827502 /* Sources */ = {
			isa = PBXSourcesBuildPhase;
			buildActionMask = 2147483647;
			files = (
				C0FD94391F572A7700827502 /* ViewController.swift in Sources */,
				C0FD94371F572A7700827502 /* AppDelegate.swift in Sources */,
			);
			runOnlyForDeploymentPostprocessing = 0;
		};
/* End PBXSourcesBuildPhase section */

/* Begin PBXVariantGroup section */
		C0FD943A1F572A7700827502 /* Main.storyboard */ = {
			isa = PBXVariantGroup;
			children = (
				C0FD943B1F572A7700827502 /* Base */,
			);
			name = Main.storyboard;
			sourceTree = "<group>";
		};
		C0FD943F1F572A7700827502 /* LaunchScreen.storyboard */ = {
			isa = PBXVariantGroup;
			children = (
				C0FD94401F572A7700827502 /* Base */,
			);
			name = LaunchScreen.storyboard;
			sourceTree = "<group>";
		};
/* End PBXVariantGroup section */

/* Begin XCBuildConfiguration section */
		C0FD94431F572A7700827502 /* Debug */ = {
			isa = XCBuildConfiguration;
			buildSettings = {
				ALWAYS_SEARCH_USER_PATHS = NO;
				CLANG_ANALYZER_NONNULL = YES;
				CLANG_CXX_LANGUAGE_STANDARD = "gnu++0x";
				CLANG_CXX_LIBRARY = "libc++";
				CLANG_ENABLE_MODULES = YES;
				CLANG_ENABLE_OBJC_ARC = YES;
				CLANG_WARN_BOOL_CONVERSION = YES;
				CLANG_WARN_CONSTANT_CONVERSION = YES;
				CLANG_WARN_DIRECT_OBJC_ISA_USAGE = YES_ERROR;
				CLANG_WARN_DOCUMENTATION_COMMENTS = YES;
				CLANG_WARN_EMPTY_BODY = YES;
				CLANG_WARN_ENUM_CONVERSION = YES;
				CLANG_WARN_INFINITE_RECURSION = YES;
				CLANG_WARN_INT_CONVERSION = YES;
				CLANG_WARN_OBJC_ROOT_CLASS = YES_ERROR;
				CLANG_WARN_SUSPICIOUS_MOVE = YES;
				CLANG_WARN_UNREACHABLE_CODE = YES;
				CLANG_WARN__DUPLICATE_METHOD_MATCH = YES;
				"CODE_SIGN_IDENTITY[sdk=iphoneos*]" = "iPhone Developer";
				COPY_PHASE_STRIP = NO;
				DEBUG_INFORMATION_FORMAT = dwarf;
				ENABLE_STRICT_OBJC_MSGSEND = YES;
				ENABLE_TESTABILITY = YES;
				GCC_C_LANGUAGE_STANDARD = gnu99;
				GCC_DYNAMIC_NO_PIC = NO;
				GCC_NO_COMMON_BLOCKS = YES;
				GCC_OPTIMIZATION_LEVEL = 0;
				GCC_PREPROCESSOR_DEFINITIONS = (
					"DEBUG=1",
					"$(inherited)",
				);
				GCC_WARN_64_TO_32_BIT_CONVERSION = YES;
				GCC_WARN_ABOUT_RETURN_TYPE = YES_ERROR;
				GCC_WARN_UNDECLARED_SELECTOR = YES;
				GCC_WARN_UNINITIALIZED_AUTOS = YES_AGGRESSIVE;
				GCC_WARN_UNUSED_FUNCTION = YES;
				GCC_WARN_UNUSED_VARIABLE = YES;
				IPHONEOS_DEPLOYMENT_TARGET = 10.2;
				MTL_ENABLE_DEBUG_INFO = YES;
				ONLY_ACTIVE_ARCH = YES;
				SDKROOT = iphoneos;
				SWIFT_ACTIVE_COMPILATION_CONDITIONS = DEBUG;
				SWIFT_OPTIMIZATION_LEVEL = "-Onone";
			};
			name = Debug;
		};
		C0FD94441F572A7700827502 /* Release */ = {
			isa = XCBuildConfiguration;
			buildSettings = {
				ALWAYS_SEARCH_USER_PATHS = NO;
				CLANG_ANALYZER_NONNULL = YES;
				CLANG_CXX_LANGUAGE_STANDARD = "gnu++0x";
				CLANG_CXX_LIBRARY = "libc++";
				CLANG_ENABLE_MODULES = YES;
				CLANG_ENABLE_OBJC_ARC = YES;
				CLANG_WARN_BOOL_CONVERSION = YES;
				CLANG_WARN_CONSTANT_CONVERSION = YES;
				CLANG_WARN_DIRECT_OBJC_ISA_USAGE = YES_ERROR;
				CLANG_WARN_DOCUMENTATION_COMMENTS = YES;
				CLANG_WARN_EMPTY_BODY = YES;
				CLANG_WARN_ENUM_CONVERSION = YES;
				CLANG_WARN_INFINITE_RECURSION = YES;
				CLANG_WARN_INT_CONVERSION = YES;
				CLANG_WARN_OBJC_ROOT_CLASS = YES_ERROR;
				CLANG_WARN_SUSPICIOUS_MOVE = YES;
				CLANG_WARN_UNREACHABLE_CODE = YES;
				CLANG_WARN__DUPLICATE_METHOD_MATCH = YES;
				"CODE_SIGN_IDENTITY[sdk=iphoneos*]" = "iPhone Developer";
				COPY_PHASE_STRIP = NO;
				DEBUG_INFORMATION_FORMAT = "dwarf-with-dsym";
				ENABLE_NS_ASSERTIONS = NO;
				ENABLE_STRICT_OBJC_MSGSEND = YES;
				GCC_C_LANGUAGE_STANDARD = gnu99;
				GCC_NO_COMMON_BLOCKS = YES;
				GCC_WARN_64_TO_32_BIT_CONVERSION = YES;
				GCC_WARN_ABOUT_RETURN_TYPE = YES_ERROR;
				GCC_WARN_UNDECLARED_SELECTOR = YES;
				GCC_WARN_UNINITIALIZED_AUTOS = YES_AGGRESSIVE;
				GCC_WARN_UNUSED_FUNCTION = YES;
				GCC_WARN_UNUSED_VARIABLE = YES;
				IPHONEOS_DEPLOYMENT_TARGET = 10.2;
				MTL_ENABLE_DEBUG_INFO = NO;
				SDKROOT = iphoneos;
				SWIFT_OPTIMIZATION_LEVEL = "-Owholemodule";
				VALIDATE_PRODUCT = YES;
			};
			name = Release;
		};
		C0FD94461F572A7700827502 /* Debug */ = {
			isa = XCBuildConfiguration;
			buildSettings = {
				ASSETCATALOG_COMPILER_APPICON_NAME = AppIcon;
				INFOPLIST_FILE = reduction/Info.plist;
				LD_RUNPATH_SEARCH_PATHS = "$(inherited) @executable_path/Frameworks";
				PRODUCT_BUNDLE_IDENTIFIER = com.evolution.reduction;
				PRODUCT_NAME = "$(TARGET_NAME)";
				SWIFT_VERSION = 3.0;
			};
			name = Debug;
		};
		C0FD94471F572A7700827502 /* Release */ = {
			isa = XCBuildConfiguration;
			buildSettings = {
				ASSETCATALOG_COMPILER_APPICON_NAME = AppIcon;
				INFOPLIST_FILE = reduction/Info.plist;
				LD_RUNPATH_SEARCH_PATHS = "$(inherited) @executable_path/Frameworks";
				PRODUCT_BUNDLE_IDENTIFIER = com.evolution.reduction;
				PRODUCT_NAME = "$(TARGET_NAME)";
				SWIFT_VERSION = 3.0;
			};
			name = Release;
		};
/* End XCBuildConfiguration section */

/* Begin XCConfigurationList section */
		C0FD942E1F572A7700827502 /* Build configuration list for PBXProject "reduction" */ = {
			isa = XCConfigurationList;
			buildConfigurations = (
				C0FD94431F572A7700827502 /* Debug */,
				C0FD94441F572A7700827502 /* Release */,
			);
			defaultConfigurationIsVisible = 0;
			defaultConfigurationName = Release;
		};
		C0FD94451F572A7700827502 /* Build configuration list for PBXNativeTarget "reduction" */ = {
			isa = XCConfigurationList;
			buildConfigurations = (
				C0FD94461F572A7700827502 /* Debug */,
				C0FD94471F572A7700827502 /* Release */,
			);
			defaultConfigurationIsVisible = 0;
		};
/* End XCConfigurationList section */
	};
	rootObject = C0FD942B1F572A7700827502 /* Project object */;
}
